
Microsoft Visual Studio Solution File, Format Version 12.00
# Visual Studio Version 17
VisualStudioVersion = 17.7.34221.43
MinimumVisualStudioVersion = 10.0.40219.1
Project("{FAE04EC0-301F-11D3-BF4B-00C04F79EFBC}") = "Atividade de Reginaldo", "Atividade de Reginaldo\Atividade de Reginaldo.csproj", "{90D24402-5EA5-41BA-AF14-7F4DD69FFC39}"
EndProject
Global
	GlobalSection(SolutionConfigurationPlatforms) = preSolution
		Debug|Any CPU = Debug|Any CPU
		Release|Any CPU = Release|Any CPU
	EndGlobalSection
	GlobalSection(ProjectConfigurationPlatforms) = postSolution
		{90D24402-5EA5-41BA-AF14-7F4DD69FFC39}.Debug|Any CPU.ActiveCfg = Debug|Any CPU
		{90D24402-5EA5-41BA-AF14-7F4DD69FFC39}.Debug|Any CPU.Build.0 = Debug|Any CPU
		{90D24402-5EA5-41BA-AF14-7F4DD69FFC39}.Release|Any CPU.ActiveCfg = Release|Any CPU
		{90D24402-5EA5-41BA-AF14-7F4DD69FFC39}.Release|Any CPU.Build.0 = Release|Any CPU
	EndGlobalSection
	GlobalSection(SolutionProperties) = preSolution
		HideSolutionNode = FALSE
	EndGlobalSection
	GlobalSection(ExtensibilityGlobals) = postSolution
		SolutionGuid = {60E26F5F-0D92-4C5E-BBEB-8A78EE81E66F}
	EndGlobalSection
EndGlobal
